
Microsoft Visual Studio Solution File, Format Version 12.00
# Visual Studio Version 16
VisualStudioVersion = 16.0.31410.357
MinimumVisualStudioVersion = 10.0.40219.1
Project("{FAE04EC0-301F-11D3-BF4B-00C04F79EFBC}") = "ValorantSelect", "ValorantSelect\ValorantSelect.csproj", "{F0733123-5531-4444-925F-6825E040D503}"
EndProject
Global
	GlobalSection(SolutionConfigurationPlatforms) = preSolution
		Debug|Any CPU = Debug|Any CPU
		Release|Any CPU = Release|Any CPU
	EndGlobalSection
	GlobalSection(ProjectConfigurationPlatforms) = postSolution
		{F0733123-5531-4444-925F-6825E040D503}.Debug|Any CPU.ActiveCfg = Debug|Any CPU
		{F0733123-5531-4444-925F-6825E040D503}.Debug|Any CPU.Build.0 = Debug|Any CPU
		{F0733123-5531-4444-925F-6825E040D503}.Release|Any CPU.ActiveCfg = Release|Any CPU
		{F0733123-5531-4444-925F-6825E040D503}.Release|Any CPU.Build.0 = Release|Any CPU
	EndGlobalSection
	GlobalSection(SolutionProperties) = preSolution
		HideSolutionNode = FALSE
	EndGlobalSection
	GlobalSection(ExtensibilityGlobals) = postSolution
		SolutionGuid = {091294F1-69FB-4C94-957A-81BD5CB9CCB1}
	EndGlobalSection
EndGlobal
