
Microsoft Visual Studio Solution File, Format Version 12.00
# Visual Studio Version 16
VisualStudioVersion = 16.0.32126.315
MinimumVisualStudioVersion = 10.0.40219.1
Project("{9A19103F-16F7-4668-BE54-9A1E7A4F7556}") = "ValorantSelect", "ValorantSelect.csproj", "{B41A2CDF-93DA-421C-B224-ED2350CE0ED4}"
EndProject
Global
	GlobalSection(SolutionConfigurationPlatforms) = preSolution
		Debug|Any CPU = Debug|Any CPU
		Release|Any CPU = Release|Any CPU
	EndGlobalSection
	GlobalSection(ProjectConfigurationPlatforms) = postSolution
		{B41A2CDF-93DA-421C-B224-ED2350CE0ED4}.Debug|Any CPU.ActiveCfg = Debug|Any CPU
		{B41A2CDF-93DA-421C-B224-ED2350CE0ED4}.Debug|Any CPU.Build.0 = Debug|Any CPU
		{B41A2CDF-93DA-421C-B224-ED2350CE0ED4}.Release|Any CPU.ActiveCfg = Release|Any CPU
		{B41A2CDF-93DA-421C-B224-ED2350CE0ED4}.Release|Any CPU.Build.0 = Release|Any CPU
	EndGlobalSection
	GlobalSection(SolutionProperties) = preSolution
		HideSolutionNode = FALSE
	EndGlobalSection
	GlobalSection(ExtensibilityGlobals) = postSolution
		SolutionGuid = {2561780D-E67F-490C-B8A0-14DEBA132F3C}
	EndGlobalSection
EndGlobal
